
Microsoft Visual Studio Solution File, Format Version 12.00
# Visual Studio Version 17
VisualStudioVersion = 17.14.36623.8
MinimumVisualStudioVersion = 10.0.40219.1
Project("{54A90642-561A-4BB1-A94E-469ADEE60C69}") = "eppoi.client", "eppoi.client\eppoi.client.esproj", "{DC0CB3AC-9081-FD1D-3FEE-514476394A24}"
EndProject
Project("{FAE04EC0-301F-11D3-BF4B-00C04F79EFBC}") = "eppoi.Server", "Eppoi.Server\eppoi.Server.csproj", "{4153C2E7-B507-4D2C-AF5D-F5EBC8567B2E}"
EndProject
Global
	GlobalSection(SolutionConfigurationPlatforms) = preSolution
		Debug|Any CPU = Debug|Any CPU
		Release|Any CPU = Release|Any CPU
	EndGlobalSection
	GlobalSection(ProjectConfigurationPlatforms) = postSolution
		{DC0CB3AC-9081-FD1D-3FEE-514476394A24}.Debug|Any CPU.ActiveCfg = Debug|Any CPU
		{DC0CB3AC-9081-FD1D-3FEE-514476394A24}.Debug|Any CPU.Build.0 = Debug|Any CPU
		{DC0CB3AC-9081-FD1D-3FEE-514476394A24}.Debug|Any CPU.Deploy.0 = Debug|Any CPU
		{DC0CB3AC-9081-FD1D-3FEE-514476394A24}.Release|Any CPU.ActiveCfg = Release|Any CPU
		{DC0CB3AC-9081-FD1D-3FEE-514476394A24}.Release|Any CPU.Build.0 = Release|Any CPU
		{DC0CB3AC-9081-FD1D-3FEE-514476394A24}.Release|Any CPU.Deploy.0 = Release|Any CPU
		{4153C2E7-B507-4D2C-AF5D-F5EBC8567B2E}.Debug|Any CPU.ActiveCfg = Debug|Any CPU
		{4153C2E7-B507-4D2C-AF5D-F5EBC8567B2E}.Debug|Any CPU.Build.0 = Debug|Any CPU
		{4153C2E7-B507-4D2C-AF5D-F5EBC8567B2E}.Release|Any CPU.ActiveCfg = Release|Any CPU
		{4153C2E7-B507-4D2C-AF5D-F5EBC8567B2E}.Release|Any CPU.Build.0 = Release|Any CPU
	EndGlobalSection
	GlobalSection(SolutionProperties) = preSolution
		HideSolutionNode = FALSE
	EndGlobalSection
	GlobalSection(ExtensibilityGlobals) = postSolution
		SolutionGuid = {32E88DE5-4B64-436F-AE02-68B15EB43659}
	EndGlobalSection
EndGlobal
